
Microsoft Visual Studio Solution File, Format Version 12.00
# Visual Studio Version 17
VisualStudioVersion = 17.0.32014.148
MinimumVisualStudioVersion = 10.0.40219.1
Project("{FAE04EC0-301F-11D3-BF4B-00C04F79EFBC}") = "ponavljanje2.6", "ponavljanje2.6\ponavljanje2.6.csproj", "{229A0FA7-8CF5-448B-B28E-9D433FAD66AA}"
EndProject
Global
	GlobalSection(SolutionConfigurationPlatforms) = preSolution
		Debug|Any CPU = Debug|Any CPU
		Release|Any CPU = Release|Any CPU
	EndGlobalSection
	GlobalSection(ProjectConfigurationPlatforms) = postSolution
		{229A0FA7-8CF5-448B-B28E-9D433FAD66AA}.Debug|Any CPU.ActiveCfg = Debug|Any CPU
		{229A0FA7-8CF5-448B-B28E-9D433FAD66AA}.Debug|Any CPU.Build.0 = Debug|Any CPU
		{229A0FA7-8CF5-448B-B28E-9D433FAD66AA}.Release|Any CPU.ActiveCfg = Release|Any CPU
		{229A0FA7-8CF5-448B-B28E-9D433FAD66AA}.Release|Any CPU.Build.0 = Release|Any CPU
	EndGlobalSection
	GlobalSection(SolutionProperties) = preSolution
		HideSolutionNode = FALSE
	EndGlobalSection
	GlobalSection(ExtensibilityGlobals) = postSolution
		SolutionGuid = {8FE1F549-FF6F-4940-9A0C-BD9A24DF052E}
	EndGlobalSection
EndGlobal
